// !$*UTF8*$!
{
	archiveVersion = 1;
	classes = {
	};
	objectVersion = 50;
	objects = {

/* Begin PBXBuildFile section */
		FF31A75B2173B8DF00A511AE /* AppDelegate.swift in Sources */ = {isa = PBXBuildFile; fileRef = FF31A75A2173B8DF00A511AE /* AppDelegate.swift */; };
		FF31A75D2173B8DF00A511AE /* ViewController.swift in Sources */ = {isa = PBXBuildFile; fileRef = FF31A75C2173B8DF00A511AE /* ViewController.swift */; };
		FF31A7602173B8DF00A511AE /* Main.storyboard in Resources */ = {isa = PBXBuildFile; fileRef = FF31A75E2173B8DF00A511AE /* Main.storyboard */; };
		FF31A7622173B8E100A511AE /* Assets.xcassets in Resources */ = {isa = PBXBuildFile; fileRef = FF31A7612173B8E100A511AE /* Assets.xcassets */; };
		FF31A7652173B8E100A511AE /* LaunchScreen.storyboard in Resources */ = {isa = PBXBuildFile; fileRef = FF31A7632173B8E100A511AE /* LaunchScreen.storyboard */; };
		FF31A7702173B98100A511AE /* pen.png in Resources */ = {isa = PBXBuildFile; fileRef = FF31A76C2173B98100A511AE /* pen.png */; };
		FF31A7712173B98100A511AE /* pushButton.png in Resources */ = {isa = PBXBuildFile; fileRef = FF31A76D2173B98100A511AE /* pushButton.png */; };
		FF31A7722173B98100A511AE /* human.png in Resources */ = {isa = PBXBuildFile; fileRef = FF31A76E2173B98100A511AE /* human.png */; };
		FF31A7732173B98100A511AE /* sunrise.jpg in Resources */ = {isa = PBXBuildFile; fileRef = FF31A76F2173B98100A511AE /* sunrise.jpg */; };
/* End PBXBuildFile section */

/* Begin PBXFileReference section */
		FF31A7572173B8DF00A511AE /* Swift4MagicPush.app */ = {isa = PBXFileReference; explicitFileType = wrapper.application; includeInIndex = 0; path = Swift4MagicPush.app; sourceTree = BUILT_PRODUCTS_DIR; };
		FF31A75A2173B8DF00A511AE /* AppDelegate.swift */ = {isa = PBXFileReference; lastKnownFileType = sourcecode.swift; path = AppDelegate.swift; sourceTree = "<group>"; };
		FF31A75C2173B8DF00A511AE /* ViewController.swift */ = {isa = PBXFileReference; lastKnownFileType = sourcecode.swift; path = ViewController.swift; sourceTree = "<group>"; };
		FF31A75F2173B8DF00A511AE /* Base */ = {isa = PBXFileReference; lastKnownFileType = file.storyboard; name = Base; path = Base.lproj/Main.storyboard; sourceTree = "<group>"; };
		FF31A7612173B8E100A511AE /* Assets.xcassets */ = {isa = PBXFileReference; lastKnownFileType = folder.assetcatalog; path = Assets.xcassets; sourceTree = "<group>"; };
		FF31A7642173B8E100A511AE /* Base */ = {isa = PBXFileReference; lastKnownFileType = file.storyboard; name = Base; path = Base.lproj/LaunchScreen.storyboard; sourceTree = "<group>"; };
		FF31A7662173B8E100A511AE /* Info.plist */ = {isa = PBXFileReference; lastKnownFileType = text.plist.xml; path = Info.plist; sourceTree = "<group>"; };
		FF31A76C2173B98100A511AE /* pen.png */ = {isa = PBXFileReference; lastKnownFileType = image.png; path = pen.png; sourceTree = "<group>"; };
		FF31A76D2173B98100A511AE /* pushButton.png */ = {isa = PBXFileReference; lastKnownFileType = image.png; path = pushButton.png; sourceTree = "<group>"; };
		FF31A76E2173B98100A511AE /* human.png */ = {isa = PBXFileReference; lastKnownFileType = image.png; path = human.png; sourceTree = "<group>"; };
		FF31A76F2173B98100A511AE /* sunrise.jpg */ = {isa = PBXFileReference; lastKnownFileType = image.jpeg; path = sunrise.jpg; sourceTree = "<group>"; };
/* End PBXFileReference section */

/* Begin PBXFrameworksBuildPhase section */
		FF31A7542173B8DF00A511AE /* Frameworks */ = {
			isa = PBXFrameworksBuildPhase;
			buildActionMask = 2147483647;
			files = (
			);
			runOnlyForDeploymentPostprocessing = 0;
		};
/* End PBXFrameworksBuildPhase section */

/* Begin PBXGroup section */
		FF31A74E2173B8DF00A511AE = {
			isa = PBXGroup;
			children = (
				FF31A7592173B8DF00A511AE /* Swift4MagicPush */,
				FF31A7582173B8DF00A511AE /* Products */,
			);
			sourceTree = "<group>";
		};
		FF31A7582173B8DF00A511AE /* Products */ = {
			isa = PBXGroup;
			children = (
				FF31A7572173B8DF00A511AE /* Swift4MagicPush.app */,
			);
			name = Products;
			sourceTree = "<group>";
		};
		FF31A7592173B8DF00A511AE /* Swift4MagicPush */ = {
			isa = PBXGroup;
			children = (
				FF31A76E2173B98100A511AE /* human.png */,
				FF31A76C2173B98100A511AE /* pen.png */,
				FF31A76D2173B98100A511AE /* pushButton.png */,
				FF31A76F2173B98100A511AE /* sunrise.jpg */,
				FF31A75A2173B8DF00A511AE /* AppDelegate.swift */,
				FF31A75C2173B8DF00A511AE /* ViewController.swift */,
				FF31A75E2173B8DF00A511AE /* Main.storyboard */,
				FF31A7612173B8E100A511AE /* Assets.xcassets */,
				FF31A7632173B8E100A511AE /* LaunchScreen.storyboard */,
				FF31A7662173B8E100A511AE /* Info.plist */,
			);
			path = Swift4MagicPush;
			sourceTree = "<group>";
		};
/* End PBXGroup section */

/* Begin PBXNativeTarget section */
		FF31A7562173B8DF00A511AE /* Swift4MagicPush */ = {
			isa = PBXNativeTarget;
			buildConfigurationList = FF31A7692173B8E100A511AE /* Build configuration list for PBXNativeTarget "Swift4MagicPush" */;
			buildPhases = (
				FF31A7532173B8DF00A511AE /* Sources */,
				FF31A7542173B8DF00A511AE /* Frameworks */,
				FF31A7552173B8DF00A511AE /* Resources */,
			);
			buildRules = (
			);
			dependencies = (
			);
			name = Swift4MagicPush;
			productName = Swift4MagicPush;
			productReference = FF31A7572173B8DF00A511AE /* Swift4MagicPush.app */;
			productType = "com.apple.product-type.application";
		};
/* End PBXNativeTarget section */

/* Begin PBXProject section */
		FF31A74F2173B8DF00A511AE /* Project object */ = {
			isa = PBXProject;
			attributes = {
				LastSwiftUpdateCheck = 0940;
				LastUpgradeCheck = 0940;
				ORGANIZATIONNAME = taiki;
				TargetAttributes = {
					FF31A7562173B8DF00A511AE = {
						CreatedOnToolsVersion = 9.4.1;
					};
				};
			};
			buildConfigurationList = FF31A7522173B8DF00A511AE /* Build configuration list for PBXProject "Swift4MagicPush" */;
			compatibilityVersion = "Xcode 9.3";
			developmentRegion = en;
			hasScannedForEncodings = 0;
			knownRegions = (
				en,
				Base,
			);
			mainGroup = FF31A74E2173B8DF00A511AE;
			productRefGroup = FF31A7582173B8DF00A511AE /* Products */;
			projectDirPath = "";
			projectRoot = "";
			targets = (
				FF31A7562173B8DF00A511AE /* Swift4MagicPush */,
			);
		};
/* End PBXProject section */

/* Begin PBXResourcesBuildPhase section */
		FF31A7552173B8DF00A511AE /* Resources */ = {
			isa = PBXResourcesBuildPhase;
			buildActionMask = 2147483647;
			files = (
				FF31A7652173B8E100A511AE /* LaunchScreen.storyboard in Resources */,
				FF31A7722173B98100A511AE /* human.png in Resources */,
				FF31A7702173B98100A511AE /* pen.png in Resources */,
				FF31A7622173B8E100A511AE /* Assets.xcassets in Resources */,
				FF31A7732173B98100A511AE /* sunrise.jpg in Resources */,
				FF31A7712173B98100A511AE /* pushButton.png in Resources */,
				FF31A7602173B8DF00A511AE /* Main.storyboard in Resources */,
			);
			runOnlyForDeploymentPostprocessing = 0;
		};
/* End PBXResourcesBuildPhase section */

/* Begin PBXSourcesBuildPhase section */
		FF31A7532173B8DF00A511AE /* Sources */ = {
			isa = PBXSourcesBuildPhase;
			buildActionMask = 2147483647;
			files = (
				FF31A75D2173B8DF00A511AE /* ViewController.swift in Sources */,
				FF31A75B2173B8DF00A511AE /* AppDelegate.swift in Sources */,
			);
			runOnlyForDeploymentPostprocessing = 0;
		};
/* End PBXSourcesBuildPhase section */

/* Begin PBXVariantGroup section */
		FF31A75E2173B8DF00A511AE /* Main.storyboard */ = {
			isa = PBXVariantGroup;
			children = (
				FF31A75F2173B8DF00A511AE /* Base */,
			);
			name = Main.storyboard;
			sourceTree = "<group>";
		};
		FF31A7632173B8E100A511AE /* LaunchScreen.storyboard */ = {
			isa = PBXVariantGroup;
			children = (
				FF31A7642173B8E100A511AE /* Base */,
			);
			name = LaunchScreen.storyboard;
			sourceTree = "<group>";
		};
/* End PBXVariantGroup section */

/* Begin XCBuildConfiguration section */
		FF31A7672173B8E100A511AE /* Debug */ = {
			isa = XCBuildConfiguration;
			buildSettings = {
				ALWAYS_SEARCH_USER_PATHS = NO;
				CLANG_ANALYZER_NONNULL = YES;
				CLANG_ANALYZER_NUMBER_OBJECT_CONVERSION = YES_AGGRESSIVE;
				CLANG_CXX_LANGUAGE_STANDARD = "gnu++14";
				CLANG_CXX_LIBRARY = "libc++";
				CLANG_ENABLE_MODULES = YES;
				CLANG_ENABLE_OBJC_ARC = YES;
				CLANG_ENABLE_OBJC_WEAK = YES;
				CLANG_WARN_BLOCK_CAPTURE_AUTORELEASING = YES;
				CLANG_WARN_BOOL_CONVERSION = YES;
				CLANG_WARN_COMMA = YES;
				CLANG_WARN_CONSTANT_CONVERSION = YES;
				CLANG_WARN_DEPRECATED_OBJC_IMPLEMENTATIONS = YES;
				CLANG_WARN_DIRECT_OBJC_ISA_USAGE = YES_ERROR;
				CLANG_WARN_DOCUMENTATION_COMMENTS = YES;
				CLANG_WARN_EMPTY_BODY = YES;
				CLANG_WARN_ENUM_CONVERSION = YES;
				CLANG_WARN_INFINITE_RECURSION = YES;
				CLANG_WARN_INT_CONVERSION = YES;
				CLANG_WARN_NON_LITERAL_NULL_CONVERSION = YES;
				CLANG_WARN_OBJC_IMPLICIT_RETAIN_SELF = YES;
				CLANG_WARN_OBJC_LITERAL_CONVERSION = YES;
				CLANG_WARN_OBJC_ROOT_CLASS = YES_ERROR;
				CLANG_WARN_RANGE_LOOP_ANALYSIS = YES;
				CLANG_WARN_STRICT_PROTOTYPES = YES;
				CLANG_WARN_SUSPICIOUS_MOVE = YES;
				CLANG_WARN_UNGUARDED_AVAILABILITY = YES_AGGRESSIVE;
				CLANG_WARN_UNREACHABLE_CODE = YES;
				CLANG_WARN__DUPLICATE_METHOD_MATCH = YES;
				CODE_SIGN_IDENTITY = "iPhone Developer";
				COPY_PHASE_STRIP = NO;
				DEBUG_INFORMATION_FORMAT = dwarf;
				ENABLE_STRICT_OBJC_MSGSEND = YES;
				ENABLE_TESTABILITY = YES;
				GCC_C_LANGUAGE_STANDARD = gnu11;
				GCC_DYNAMIC_NO_PIC = NO;
				GCC_NO_COMMON_BLOCKS = YES;
				GCC_OPTIMIZATION_LEVEL = 0;
				GCC_PREPROCESSOR_DEFINITIONS = (
					"DEBUG=1",
					"$(inherited)",
				);
				GCC_WARN_64_TO_32_BIT_CONVERSION = YES;
				GCC_WARN_ABOUT_RETURN_TYPE = YES_ERROR;
				GCC_WARN_UNDECLARED_SELECTOR = YES;
				GCC_WARN_UNINITIALIZED_AUTOS = YES_AGGRESSIVE;
				GCC_WARN_UNUSED_FUNCTION = YES;
				GCC_WARN_UNUSED_VARIABLE = YES;
				IPHONEOS_DEPLOYMENT_TARGET = 11.4;
				MTL_ENABLE_DEBUG_INFO = YES;
				ONLY_ACTIVE_ARCH = YES;
				SDKROOT = iphoneos;
				SWIFT_ACTIVE_COMPILATION_CONDITIONS = DEBUG;
				SWIFT_OPTIMIZATION_LEVEL = "-Onone";
			};
			name = Debug;
		};
		FF31A7682173B8E100A511AE /* Release */ = {
			isa = XCBuildConfiguration;
			buildSettings = {
				ALWAYS_SEARCH_USER_PATHS = NO;
				CLANG_ANALYZER_NONNULL = YES;
				CLANG_ANALYZER_NUMBER_OBJECT_CONVERSION = YES_AGGRESSIVE;
				CLANG_CXX_LANGUAGE_STANDARD = "gnu++14";
				CLANG_CXX_LIBRARY = "libc++";
				CLANG_ENABLE_MODULES = YES;
				CLANG_ENABLE_OBJC_ARC = YES;
				CLANG_ENABLE_OBJC_WEAK = YES;
				CLANG_WARN_BLOCK_CAPTURE_AUTORELEASING = YES;
				CLANG_WARN_BOOL_CONVERSION = YES;
				CLANG_WARN_COMMA = YES;
				CLANG_WARN_CONSTANT_CONVERSION = YES;
				CLANG_WARN_DEPRECATED_OBJC_IMPLEMENTATIONS = YES;
				CLANG_WARN_DIRECT_OBJC_ISA_USAGE = YES_ERROR;
				CLANG_WARN_DOCUMENTATION_COMMENTS = YES;
				CLANG_WARN_EMPTY_BODY = YES;
				CLANG_WARN_ENUM_CONVERSION = YES;
				CLANG_WARN_INFINITE_RECURSION = YES;
				CLANG_WARN_INT_CONVERSION = YES;
				CLANG_WARN_NON_LITERAL_NULL_CONVERSION = YES;
				CLANG_WARN_OBJC_IMPLICIT_RETAIN_SELF = YES;
				CLANG_WARN_OBJC_LITERAL_CONVERSION = YES;
				CLANG_WARN_OBJC_ROOT_CLASS = YES_ERROR;
				CLANG_WARN_RANGE_LOOP_ANALYSIS = YES;
				CLANG_WARN_STRICT_PROTOTYPES = YES;
				CLANG_WARN_SUSPICIOUS_MOVE = YES;
				CLANG_WARN_UNGUARDED_AVAILABILITY = YES_AGGRESSIVE;
				CLANG_WARN_UNREACHABLE_CODE = YES;
				CLANG_WARN__DUPLICATE_METHOD_MATCH = YES;
				CODE_SIGN_IDENTITY = "iPhone Developer";
				COPY_PHASE_STRIP = NO;
				DEBUG_INFORMATION_FORMAT = "dwarf-with-dsym";
				ENABLE_NS_ASSERTIONS = NO;
				ENABLE_STRICT_OBJC_MSGSEND = YES;
				GCC_C_LANGUAGE_STANDARD = gnu11;
				GCC_NO_COMMON_BLOCKS = YES;
				GCC_WARN_64_TO_32_BIT_CONVERSION = YES;
				GCC_WARN_ABOUT_RETURN_TYPE = YES_ERROR;
				GCC_WARN_UNDECLARED_SELECTOR = YES;
				GCC_WARN_UNINITIALIZED_AUTOS = YES_AGGRESSIVE;
				GCC_WARN_UNUSED_FUNCTION = YES;
				GCC_WARN_UNUSED_VARIABLE = YES;
				IPHONEOS_DEPLOYMENT_TARGET = 11.4;
				MTL_ENABLE_DEBUG_INFO = NO;
				SDKROOT = iphoneos;
				SWIFT_COMPILATION_MODE = wholemodule;
				SWIFT_OPTIMIZATION_LEVEL = "-O";
				VALIDATE_PRODUCT = YES;
			};
			name = Release;
		};
		FF31A76A2173B8E100A511AE /* Debug */ = {
			isa = XCBuildConfiguration;
			buildSettings = {
				ASSETCATALOG_COMPILER_APPICON_NAME = AppIcon;
				CODE_SIGN_STYLE = Automatic;
				DEVELOPMENT_TEAM = 2MW7724T87;
				INFOPLIST_FILE = Swift4MagicPush/Info.plist;
				LD_RUNPATH_SEARCH_PATHS = (
					"$(inherited)",
					"@executable_path/Frameworks",
				);
				PRODUCT_BUNDLE_IDENTIFIER = com.taiki.Swift4MagicPush;
				PRODUCT_NAME = "$(TARGET_NAME)";
				SWIFT_VERSION = 4.0;
				TARGETED_DEVICE_FAMILY = "1,2";
			};
			name = Debug;
		};
		FF31A76B2173B8E100A511AE /* Release */ = {
			isa = XCBuildConfiguration;
			buildSettings = {
				ASSETCATALOG_COMPILER_APPICON_NAME = AppIcon;
				CODE_SIGN_STYLE = Automatic;
				DEVELOPMENT_TEAM = 2MW7724T87;
				INFOPLIST_FILE = Swift4MagicPush/Info.plist;
				LD_RUNPATH_SEARCH_PATHS = (
					"$(inherited)",
					"@executable_path/Frameworks",
				);
				PRODUCT_BUNDLE_IDENTIFIER = com.taiki.Swift4MagicPush;
				PRODUCT_NAME = "$(TARGET_NAME)";
				SWIFT_VERSION = 4.0;
				TARGETED_DEVICE_FAMILY = "1,2";
			};
			name = Release;
		};
/* End XCBuildConfiguration section */

/* Begin XCConfigurationList section */
		FF31A7522173B8DF00A511AE /* Build configuration list for PBXProject "Swift4MagicPush" */ = {
			isa = XCConfigurationList;
			buildConfigurations = (
				FF31A7672173B8E100A511AE /* Debug */,
				FF31A7682173B8E100A511AE /* Release */,
			);
			defaultConfigurationIsVisible = 0;
			defaultConfigurationName = Release;
		};
		FF31A7692173B8E100A511AE /* Build configuration list for PBXNativeTarget "Swift4MagicPush" */ = {
			isa = XCConfigurationList;
			buildConfigurations = (
				FF31A76A2173B8E100A511AE /* Debug */,
				FF31A76B2173B8E100A511AE /* Release */,
			);
			defaultConfigurationIsVisible = 0;
			defaultConfigurationName = Release;
		};
/* End XCConfigurationList section */
	};
	rootObject = FF31A74F2173B8DF00A511AE /* Project object */;
}
